
Microsoft Visual Studio Solution File, Format Version 12.00
# Visual Studio 2012
Project("{E24C65DC-7377-472B-9ABA-BC803B73C61A}") = "filmgrail-prototype", ".", "{D567586B-258D-4FDB-9708-89AC975C87C5}"
	ProjectSection(WebsiteProperties) = preProject
		TargetFrameworkMoniker = ".NETFramework,Version%3Dv4.5"
		Debug.AspNetCompiler.VirtualPath = "/SocialBoards"
		Debug.AspNetCompiler.PhysicalPath = "..\filmgrail-prototype\"
		Debug.AspNetCompiler.TargetPath = "PrecompiledWeb\SocialBoards\"
		Debug.AspNetCompiler.Updateable = "true"
		Debug.AspNetCompiler.ForceOverwrite = "true"
		Debug.AspNetCompiler.FixedNames = "false"
		Debug.AspNetCompiler.Debug = "True"
		Release.AspNetCompiler.VirtualPath = "/SocialBoards"
		Release.AspNetCompiler.PhysicalPath = "..\filmgrail-prototype\"
		Release.AspNetCompiler.TargetPath = "PrecompiledWeb\SocialBoards\"
		Release.AspNetCompiler.Updateable = "true"
		Release.AspNetCompiler.ForceOverwrite = "true"
		Release.AspNetCompiler.FixedNames = "false"
		Release.AspNetCompiler.Debug = "False"
		VWDPort = "55930"
		VWDVirtualPath = "/"
	EndProjectSection
EndProject
Global
	GlobalSection(SolutionConfigurationPlatforms) = preSolution
		Debug|Any CPU = Debug|Any CPU
	EndGlobalSection
	GlobalSection(ProjectConfigurationPlatforms) = postSolution
		{D567586B-258D-4FDB-9708-89AC975C87C5}.Debug|Any CPU.ActiveCfg = Debug|Any CPU
		{D567586B-258D-4FDB-9708-89AC975C87C5}.Debug|Any CPU.Build.0 = Debug|Any CPU
	EndGlobalSection
	GlobalSection(SolutionProperties) = preSolution
		HideSolutionNode = FALSE
	EndGlobalSection
EndGlobal
